
Microsoft Visual Studio Solution File, Format Version 12.00
# Visual Studio Version 16
VisualStudioVersion = 16.0.30413.136
MinimumVisualStudioVersion = 10.0.40219.1
Project("{FAE04EC0-301F-11D3-BF4B-00C04F79EFBC}") = "Week7Functions", "Week7Functions\Week7Functions.csproj", "{952BFB30-4F9A-4C66-81EB-6C6051557E95}"
EndProject
Project("{FAE04EC0-301F-11D3-BF4B-00C04F79EFBC}") = "GenderFunction7", "GenderFunction7\GenderFunction7.csproj", "{14A3D79B-6A3C-460F-BA16-FF30D492BE73}"
EndProject
Project("{FAE04EC0-301F-11D3-BF4B-00C04F79EFBC}") = "FunctionsReturn", "FunctionsTurn\FunctionsReturn.csproj", "{04A40DC1-E4C5-43E1-BA86-B961EA4131AB}"
EndProject
Global
	GlobalSection(SolutionConfigurationPlatforms) = preSolution
		Debug|Any CPU = Debug|Any CPU
		Release|Any CPU = Release|Any CPU
	EndGlobalSection
	GlobalSection(ProjectConfigurationPlatforms) = postSolution
		{952BFB30-4F9A-4C66-81EB-6C6051557E95}.Debug|Any CPU.ActiveCfg = Debug|Any CPU
		{952BFB30-4F9A-4C66-81EB-6C6051557E95}.Debug|Any CPU.Build.0 = Debug|Any CPU
		{952BFB30-4F9A-4C66-81EB-6C6051557E95}.Release|Any CPU.ActiveCfg = Release|Any CPU
		{952BFB30-4F9A-4C66-81EB-6C6051557E95}.Release|Any CPU.Build.0 = Release|Any CPU
		{14A3D79B-6A3C-460F-BA16-FF30D492BE73}.Debug|Any CPU.ActiveCfg = Debug|Any CPU
		{14A3D79B-6A3C-460F-BA16-FF30D492BE73}.Debug|Any CPU.Build.0 = Debug|Any CPU
		{14A3D79B-6A3C-460F-BA16-FF30D492BE73}.Release|Any CPU.ActiveCfg = Release|Any CPU
		{14A3D79B-6A3C-460F-BA16-FF30D492BE73}.Release|Any CPU.Build.0 = Release|Any CPU
		{04A40DC1-E4C5-43E1-BA86-B961EA4131AB}.Debug|Any CPU.ActiveCfg = Debug|Any CPU
		{04A40DC1-E4C5-43E1-BA86-B961EA4131AB}.Debug|Any CPU.Build.0 = Debug|Any CPU
		{04A40DC1-E4C5-43E1-BA86-B961EA4131AB}.Release|Any CPU.ActiveCfg = Release|Any CPU
		{04A40DC1-E4C5-43E1-BA86-B961EA4131AB}.Release|Any CPU.Build.0 = Release|Any CPU
	EndGlobalSection
	GlobalSection(SolutionProperties) = preSolution
		HideSolutionNode = FALSE
	EndGlobalSection
	GlobalSection(ExtensibilityGlobals) = postSolution
		SolutionGuid = {D0F64ED9-5F98-4FB8-923C-5BF06CAFCF5F}
	EndGlobalSection
EndGlobal
